{
  "name": "@3id/ui-provider",
  "version": "0.2.4",
  "lockfileVersion": 2,
  "requires": true,
  "packages": {
    "": {
      "name": "@3id/ui-provider",
      "version": "0.2.4",
      "license": "(Apache-2.0 OR MIT)",
      "dependencies": {
        "rpc-utils": "^0.4.0"
      },
      "engines": {
        "node": ">=12"
      }
    },
    "node_modules/nanoid": {
      "version": "3.1.28",
      "resolved": "https://registry.npmjs.org/nanoid/-/nanoid-3.1.28.tgz",
      "integrity": "sha512-gSu9VZ2HtmoKYe/lmyPFES5nknFrHa+/DT9muUFWFMi6Jh9E1I7bkvlQ8xxf1Kos9pi9o8lBnIOkatMhKX/YUw==",
      "bin": {
        "nanoid": "bin/nanoid.cjs"
      },
      "engines": {
        "node": "^10 || ^12 || ^13.7 || ^14 || >=15.0.1"
      }
    },
    "node_modules/rpc-utils": {
      "version": "0.4.0",
      "resolved": "https://registry.npmjs.org/rpc-utils/-/rpc-utils-0.4.0.tgz",
      "integrity": "sha512-XBvam3jhcD4d66kFRGjr0cAwJNf8v8eXeJNN187jDGvHuQO9Dugu01WCAghojAbSOcdimCBBz77WNVU1j2+Uig==",
      "dependencies": {
        "nanoid": "^3.1.21"
      },
      "engines": {
        "node": ">=12"
      }
    }
  },
  "dependencies": {
    "nanoid": {
      "version": "3.1.28",
      "resolved": "https://registry.npmjs.org/nanoid/-/nanoid-3.1.28.tgz",
      "integrity": "sha512-gSu9VZ2HtmoKYe/lmyPFES5nknFrHa+/DT9muUFWFMi6Jh9E1I7bkvlQ8xxf1Kos9pi9o8lBnIOkatMhKX/YUw=="
    },
    "rpc-utils": {
      "version": "0.4.0",
      "resolved": "https://registry.npmjs.org/rpc-utils/-/rpc-utils-0.4.0.tgz",
      "integrity": "sha512-XBvam3jhcD4d66kFRGjr0cAwJNf8v8eXeJNN187jDGvHuQO9Dugu01WCAghojAbSOcdimCBBz77WNVU1j2+Uig==",
      "requires": {
        "nanoid": "^3.1.21"
      }
    }
  }
}
